
Microsoft Visual Studio Solution File, Format Version 12.00
# Visual Studio Version 17
VisualStudioVersion = 17.0.31903.59
MinimumVisualStudioVersion = 10.0.40219.1
Project("{FAE04EC0-301F-11D3-BF4B-00C04F79EFBC}") = "CareJobApplicationv2", "CareJobApplicationv2\CareJobApplicationv2.csproj", "{5B2D3E9D-A1A0-48C8-9FC1-6BD2CCBE62E1}"
EndProject
Global
	GlobalSection(SolutionConfigurationPlatforms) = preSolution
		Debug|Any CPU = Debug|Any CPU
		Release|Any CPU = Release|Any CPU
	EndGlobalSection
	GlobalSection(ProjectConfigurationPlatforms) = postSolution
		{5B2D3E9D-A1A0-48C8-9FC1-6BD2CCBE62E1}.Debug|Any CPU.ActiveCfg = Debug|Any CPU
		{5B2D3E9D-A1A0-48C8-9FC1-6BD2CCBE62E1}.Debug|Any CPU.Build.0 = Debug|Any CPU
		{5B2D3E9D-A1A0-48C8-9FC1-6BD2CCBE62E1}.Release|Any CPU.ActiveCfg = Release|Any CPU
		{5B2D3E9D-A1A0-48C8-9FC1-6BD2CCBE62E1}.Release|Any CPU.Build.0 = Release|Any CPU
	EndGlobalSection
	GlobalSection(SolutionProperties) = preSolution
		HideSolutionNode = FALSE
	EndGlobalSection
	GlobalSection(ExtensibilityGlobals) = postSolution
		SolutionGuid = {FD11B69E-7029-44EB-9A5B-A09C98E441DD}
	EndGlobalSection
EndGlobal
